github.com/augustoroman/hexdump v0.0.0-20190827031536-6506f4163e93 h1:z6k1vb5L2wqLK4SIk3fpUiXnhNWSZ6Oyy8AaLqr0B+A=
github.com/augustoroman/hexdump v0.0.0-20190827031536-6506f4163e93/go.mod h1:ps2Vk8wMZarkeIPtUqW/FUvwVVdeRDbewMYz+EmuEgk=
github.com/davecgh/go-spew v1.1.1 h1:vj9j/u1bqnvCEfJOwUhtlOARqs3+rkHYY13jYWTU97c=
github.com/davecgh/go-spew v1.1.1/go.mod h1:J7Y8YcW2NihsgmVo/mv3lAwl/skON4iLHjSsI+c5H38=
